{
  "rigoma5tours": {
    "public": {
      "images": {
        "placeholder.jpg": null
      }
    },
    "src": {
      "components": {
        "Header.jsx": null,
        "TourCard.jsx": null,
        "BookingForm.jsx": null,
        "Button.jsx": null
      },
      "pages": {
        "Home.jsx": null,
        "Tours.jsx": null,
        "TourDetail.jsx": null,
        "Booking.jsx": null
      },
      "lib": {
        "supabaseClient.js": null,
        "stripeClient.js": null
      },
      "services": {
        "api.js": null
      },
      "App.jsx": null,
      "main.jsx": null,
      "index.css": null,
      "routes.jsx": null
    },
    ".env.local": null,
    "vite.config.js": null,
    "tailwind.config.js": null,
    "package.json": null,
    "README.md": null
  }
}
